
Microsoft Visual Studio Solution File, Format Version 12.00
# Visual Studio Version 17
VisualStudioVersion = 17.2.32526.322
MinimumVisualStudioVersion = 10.0.40219.1
Project("{FAE04EC0-301F-11D3-BF4B-00C04F79EFBC}") = "MaterializedPathsExample", "MaterializedPathsExample\MaterializedPathsExample.csproj", "{EC12A391-2DA3-4BD4-942B-E1E46865D684}"
EndProject
Project("{FAE04EC0-301F-11D3-BF4B-00C04F79EFBC}") = "Tests", "Tests\Tests.csproj", "{81957434-1F1C-41CF-B6E7-070B1A1C26AE}"
EndProject
Global
	GlobalSection(SolutionConfigurationPlatforms) = preSolution
		Debug|Any CPU = Debug|Any CPU
		Release|Any CPU = Release|Any CPU
	EndGlobalSection
	GlobalSection(ProjectConfigurationPlatforms) = postSolution
		{EC12A391-2DA3-4BD4-942B-E1E46865D684}.Debug|Any CPU.ActiveCfg = Debug|Any CPU
		{EC12A391-2DA3-4BD4-942B-E1E46865D684}.Debug|Any CPU.Build.0 = Debug|Any CPU
		{EC12A391-2DA3-4BD4-942B-E1E46865D684}.Release|Any CPU.ActiveCfg = Release|Any CPU
		{EC12A391-2DA3-4BD4-942B-E1E46865D684}.Release|Any CPU.Build.0 = Release|Any CPU
		{81957434-1F1C-41CF-B6E7-070B1A1C26AE}.Debug|Any CPU.ActiveCfg = Debug|Any CPU
		{81957434-1F1C-41CF-B6E7-070B1A1C26AE}.Debug|Any CPU.Build.0 = Debug|Any CPU
		{81957434-1F1C-41CF-B6E7-070B1A1C26AE}.Release|Any CPU.ActiveCfg = Release|Any CPU
		{81957434-1F1C-41CF-B6E7-070B1A1C26AE}.Release|Any CPU.Build.0 = Release|Any CPU
	EndGlobalSection
	GlobalSection(SolutionProperties) = preSolution
		HideSolutionNode = FALSE
	EndGlobalSection
	GlobalSection(ExtensibilityGlobals) = postSolution
		SolutionGuid = {7CE1790B-DA21-4D61-B1A5-BDE3C4409591}
	EndGlobalSection
EndGlobal
